// !$*UTF8*$!
{
	archiveVersion = 1;
	classes = {
	};
	objectVersion = 51;
	objects = {

/* Begin PBXBuildFile section */
		626EC503D172FB47C0754940 /* Pods_Ins.framework in Frameworks */ = {isa = PBXBuildFile; fileRef = 58C841BD8D60436A469DF9CF /* Pods_Ins.framework */; };
		DE83333E2543AE4400F94E18 /* AppDelegate.swift in Sources */ = {isa = PBXBuildFile; fileRef = DE83333D2543AE4400F94E18 /* AppDelegate.swift */; };
		DE8333402543AE4400F94E18 /* SceneDelegate.swift in Sources */ = {isa = PBXBuildFile; fileRef = DE83333F2543AE4400F94E18 /* SceneDelegate.swift */; };
		DE8333452543AE4400F94E18 /* Main.storyboard in Resources */ = {isa = PBXBuildFile; fileRef = DE8333432543AE4400F94E18 /* Main.storyboard */; };
		DE8333472543AE4500F94E18 /* Assets.xcassets in Resources */ = {isa = PBXBuildFile; fileRef = DE8333462543AE4500F94E18 /* Assets.xcassets */; };
		DE83334A2543AE4500F94E18 /* LaunchScreen.storyboard in Resources */ = {isa = PBXBuildFile; fileRef = DE8333482543AE4500F94E18 /* LaunchScreen.storyboard */; };
		DE93ACB42543B57C0057B00D /* LoginViewController.swift in Sources */ = {isa = PBXBuildFile; fileRef = DE93ACB32543B57C0057B00D /* LoginViewController.swift */; };
		DE93ACB72543B5B30057B00D /* FeedViewController.swift in Sources */ = {isa = PBXBuildFile; fileRef = DE93ACB62543B5B30057B00D /* FeedViewController.swift */; };
		DE93ACC02543C3280057B00D /* CamaraViewController.swift in Sources */ = {isa = PBXBuildFile; fileRef = DE93ACBF2543C3280057B00D /* CamaraViewController.swift */; };
		DE93ACD12543E4A40057B00D /* PostCell.swift in Sources */ = {isa = PBXBuildFile; fileRef = DE93ACD02543E4A40057B00D /* PostCell.swift */; };
/* End PBXBuildFile section */

/* Begin PBXFileReference section */
		2794553BAB4A1396AFB0E64E /* Pods-Ins.debug.xcconfig */ = {isa = PBXFileReference; includeInIndex = 1; lastKnownFileType = text.xcconfig; name = "Pods-Ins.debug.xcconfig"; path = "Target Support Files/Pods-Ins/Pods-Ins.debug.xcconfig"; sourceTree = "<group>"; };
		493B01485550CF0CFEEE2674 /* Pods-Ins.release.xcconfig */ = {isa = PBXFileReference; includeInIndex = 1; lastKnownFileType = text.xcconfig; name = "Pods-Ins.release.xcconfig"; path = "Target Support Files/Pods-Ins/Pods-Ins.release.xcconfig"; sourceTree = "<group>"; };
		58C841BD8D60436A469DF9CF /* Pods_Ins.framework */ = {isa = PBXFileReference; explicitFileType = wrapper.framework; includeInIndex = 0; path = Pods_Ins.framework; sourceTree = BUILT_PRODUCTS_DIR; };
		DE83333A2543AE4400F94E18 /* Ins.app */ = {isa = PBXFileReference; explicitFileType = wrapper.application; includeInIndex = 0; path = Ins.app; sourceTree = BUILT_PRODUCTS_DIR; };
		DE83333D2543AE4400F94E18 /* AppDelegate.swift */ = {isa = PBXFileReference; lastKnownFileType = sourcecode.swift; path = AppDelegate.swift; sourceTree = "<group>"; };
		DE83333F2543AE4400F94E18 /* SceneDelegate.swift */ = {isa = PBXFileReference; lastKnownFileType = sourcecode.swift; path = SceneDelegate.swift; sourceTree = "<group>"; };
		DE8333442543AE4400F94E18 /* Base */ = {isa = PBXFileReference; lastKnownFileType = file.storyboard; name = Base; path = Base.lproj/Main.storyboard; sourceTree = "<group>"; };
		DE8333462543AE4500F94E18 /* Assets.xcassets */ = {isa = PBXFileReference; lastKnownFileType = folder.assetcatalog; path = Assets.xcassets; sourceTree = "<group>"; };
		DE8333492543AE4500F94E18 /* Base */ = {isa = PBXFileReference; lastKnownFileType = file.storyboard; name = Base; path = Base.lproj/LaunchScreen.storyboard; sourceTree = "<group>"; };
		DE83334B2543AE4500F94E18 /* Info.plist */ = {isa = PBXFileReference; lastKnownFileType = text.plist.xml; path = Info.plist; sourceTree = "<group>"; };
		DE93ACB32543B57C0057B00D /* LoginViewController.swift */ = {isa = PBXFileReference; lastKnownFileType = sourcecode.swift; path = LoginViewController.swift; sourceTree = "<group>"; };
		DE93ACB62543B5B30057B00D /* FeedViewController.swift */ = {isa = PBXFileReference; lastKnownFileType = sourcecode.swift; path = FeedViewController.swift; sourceTree = "<group>"; };
		DE93ACBF2543C3280057B00D /* CamaraViewController.swift */ = {isa = PBXFileReference; lastKnownFileType = sourcecode.swift; path = CamaraViewController.swift; sourceTree = "<group>"; };
		DE93ACD02543E4A40057B00D /* PostCell.swift */ = {isa = PBXFileReference; lastKnownFileType = sourcecode.swift; path = PostCell.swift; sourceTree = "<group>"; };
/* End PBXFileReference section */

/* Begin PBXFrameworksBuildPhase section */
		DE8333372543AE4400F94E18 /* Frameworks */ = {
			isa = PBXFrameworksBuildPhase;
			buildActionMask = 2147483647;
			files = (
				626EC503D172FB47C0754940 /* Pods_Ins.framework in Frameworks */,
			);
			runOnlyForDeploymentPostprocessing = 0;
		};
/* End PBXFrameworksBuildPhase section */

/* Begin PBXGroup section */
		0078855E090299A24C016E2E /* Frameworks */ = {
			isa = PBXGroup;
			children = (
				58C841BD8D60436A469DF9CF /* Pods_Ins.framework */,
			);
			name = Frameworks;
			sourceTree = "<group>";
		};
		67EF10102820AAB57D632E08 /* Pods */ = {
			isa = PBXGroup;
			children = (
				2794553BAB4A1396AFB0E64E /* Pods-Ins.debug.xcconfig */,
				493B01485550CF0CFEEE2674 /* Pods-Ins.release.xcconfig */,
			);
			path = Pods;
			sourceTree = "<group>";
		};
		DE8333312543AE4400F94E18 = {
			isa = PBXGroup;
			children = (
				DE83333C2543AE4400F94E18 /* Ins */,
				DE83333B2543AE4400F94E18 /* Products */,
				67EF10102820AAB57D632E08 /* Pods */,
				0078855E090299A24C016E2E /* Frameworks */,
			);
			sourceTree = "<group>";
		};
		DE83333B2543AE4400F94E18 /* Products */ = {
			isa = PBXGroup;
			children = (
				DE83333A2543AE4400F94E18 /* Ins.app */,
			);
			name = Products;
			sourceTree = "<group>";
		};
		DE83333C2543AE4400F94E18 /* Ins */ = {
			isa = PBXGroup;
			children = (
				DE83333D2543AE4400F94E18 /* AppDelegate.swift */,
				DE83333F2543AE4400F94E18 /* SceneDelegate.swift */,
				DE8333432543AE4400F94E18 /* Main.storyboard */,
				DE8333462543AE4500F94E18 /* Assets.xcassets */,
				DE8333482543AE4500F94E18 /* LaunchScreen.storyboard */,
				DE83334B2543AE4500F94E18 /* Info.plist */,
				DE93ACB32543B57C0057B00D /* LoginViewController.swift */,
				DE93ACB62543B5B30057B00D /* FeedViewController.swift */,
				DE93ACBF2543C3280057B00D /* CamaraViewController.swift */,
				DE93ACD02543E4A40057B00D /* PostCell.swift */,
			);
			path = Ins;
			sourceTree = "<group>";
		};
/* End PBXGroup section */

/* Begin PBXNativeTarget section */
		DE8333392543AE4400F94E18 /* Ins */ = {
			isa = PBXNativeTarget;
			buildConfigurationList = DE83334E2543AE4500F94E18 /* Build configuration list for PBXNativeTarget "Ins" */;
			buildPhases = (
				72B19C239F8FE897A27B19C6 /* [CP] Check Pods Manifest.lock */,
				DE8333362543AE4400F94E18 /* Sources */,
				DE8333372543AE4400F94E18 /* Frameworks */,
				DE8333382543AE4400F94E18 /* Resources */,
				20BA72ED82D7D5F7E6A32741 /* [CP] Embed Pods Frameworks */,
			);
			buildRules = (
			);
			dependencies = (
			);
			name = Ins;
			productName = Ins;
			productReference = DE83333A2543AE4400F94E18 /* Ins.app */;
			productType = "com.apple.product-type.application";
		};
/* End PBXNativeTarget section */

/* Begin PBXProject section */
		DE8333322543AE4400F94E18 /* Project object */ = {
			isa = PBXProject;
			attributes = {
				LastSwiftUpdateCheck = 1210;
				LastUpgradeCheck = 1210;
				TargetAttributes = {
					DE8333392543AE4400F94E18 = {
						CreatedOnToolsVersion = 12.1;
					};
				};
			};
			buildConfigurationList = DE8333352543AE4400F94E18 /* Build configuration list for PBXProject "Ins" */;
			compatibilityVersion = "Xcode 9.3";
			developmentRegion = en;
			hasScannedForEncodings = 0;
			knownRegions = (
				en,
				Base,
			);
			mainGroup = DE8333312543AE4400F94E18;
			productRefGroup = DE83333B2543AE4400F94E18 /* Products */;
			projectDirPath = "";
			projectRoot = "";
			targets = (
				DE8333392543AE4400F94E18 /* Ins */,
			);
		};
/* End PBXProject section */

/* Begin PBXResourcesBuildPhase section */
		DE8333382543AE4400F94E18 /* Resources */ = {
			isa = PBXResourcesBuildPhase;
			buildActionMask = 2147483647;
			files = (
				DE83334A2543AE4500F94E18 /* LaunchScreen.storyboard in Resources */,
				DE8333472543AE4500F94E18 /* Assets.xcassets in Resources */,
				DE8333452543AE4400F94E18 /* Main.storyboard in Resources */,
			);
			runOnlyForDeploymentPostprocessing = 0;
		};
/* End PBXResourcesBuildPhase section */

/* Begin PBXShellScriptBuildPhase section */
		20BA72ED82D7D5F7E6A32741 /* [CP] Embed Pods Frameworks */ = {
			isa = PBXShellScriptBuildPhase;
			buildActionMask = 2147483647;
			files = (
			);
			inputFileListPaths = (
				"${PODS_ROOT}/Target Support Files/Pods-Ins/Pods-Ins-frameworks-${CONFIGURATION}-input-files.xcfilelist",
			);
			name = "[CP] Embed Pods Frameworks";
			outputFileListPaths = (
				"${PODS_ROOT}/Target Support Files/Pods-Ins/Pods-Ins-frameworks-${CONFIGURATION}-output-files.xcfilelist",
			);
			runOnlyForDeploymentPostprocessing = 0;
			shellPath = /bin/sh;
			shellScript = "\"${PODS_ROOT}/Target Support Files/Pods-Ins/Pods-Ins-frameworks.sh\"\n";
			showEnvVarsInLog = 0;
		};
		72B19C239F8FE897A27B19C6 /* [CP] Check Pods Manifest.lock */ = {
			isa = PBXShellScriptBuildPhase;
			buildActionMask = 2147483647;
			files = (
			);
			inputFileListPaths = (
			);
			inputPaths = (
				"${PODS_PODFILE_DIR_PATH}/Podfile.lock",
				"${PODS_ROOT}/Manifest.lock",
			);
			name = "[CP] Check Pods Manifest.lock";
			outputFileListPaths = (
			);
			outputPaths = (
				"$(DERIVED_FILE_DIR)/Pods-Ins-checkManifestLockResult.txt",
			);
			runOnlyForDeploymentPostprocessing = 0;
			shellPath = /bin/sh;
			shellScript = "diff \"${PODS_PODFILE_DIR_PATH}/Podfile.lock\" \"${PODS_ROOT}/Manifest.lock\" > /dev/null\nif [ $? != 0 ] ; then\n    # print error to STDERR\n    echo \"error: The sandbox is not in sync with the Podfile.lock. Run 'pod install' or update your CocoaPods installation.\" >&2\n    exit 1\nfi\n# This output is used by Xcode 'outputs' to avoid re-running this script phase.\necho \"SUCCESS\" > \"${SCRIPT_OUTPUT_FILE_0}\"\n";
			showEnvVarsInLog = 0;
		};
/* End PBXShellScriptBuildPhase section */

/* Begin PBXSourcesBuildPhase section */
		DE8333362543AE4400F94E18 /* Sources */ = {
			isa = PBXSourcesBuildPhase;
			buildActionMask = 2147483647;
			files = (
				DE93ACC02543C3280057B00D /* CamaraViewController.swift in Sources */,
				DE93ACB42543B57C0057B00D /* LoginViewController.swift in Sources */,
				DE83333E2543AE4400F94E18 /* AppDelegate.swift in Sources */,
				DE93ACB72543B5B30057B00D /* FeedViewController.swift in Sources */,
				DE8333402543AE4400F94E18 /* SceneDelegate.swift in Sources */,
				DE93ACD12543E4A40057B00D /* PostCell.swift in Sources */,
			);
			runOnlyForDeploymentPostprocessing = 0;
		};
/* End PBXSourcesBuildPhase section */

/* Begin PBXVariantGroup section */
		DE8333432543AE4400F94E18 /* Main.storyboard */ = {
			isa = PBXVariantGroup;
			children = (
				DE8333442543AE4400F94E18 /* Base */,
			);
			name = Main.storyboard;
			sourceTree = "<group>";
		};
		DE8333482543AE4500F94E18 /* LaunchScreen.storyboard */ = {
			isa = PBXVariantGroup;
			children = (
				DE8333492543AE4500F94E18 /* Base */,
			);
			name = LaunchScreen.storyboard;
			sourceTree = "<group>";
		};
/* End PBXVariantGroup section */

/* Begin XCBuildConfiguration section */
		DE83334C2543AE4500F94E18 /* Debug */ = {
			isa = XCBuildConfiguration;
			buildSettings = {
				ALWAYS_SEARCH_USER_PATHS = NO;
				CLANG_ANALYZER_NONNULL = YES;
				CLANG_ANALYZER_NUMBER_OBJECT_CONVERSION = YES_AGGRESSIVE;
				CLANG_CXX_LANGUAGE_STANDARD = "gnu++14";
				CLANG_CXX_LIBRARY = "libc++";
				CLANG_ENABLE_MODULES = YES;
				CLANG_ENABLE_OBJC_ARC = YES;
				CLANG_ENABLE_OBJC_WEAK = YES;
				CLANG_WARN_BLOCK_CAPTURE_AUTORELEASING = YES;
				CLANG_WARN_BOOL_CONVERSION = YES;
				CLANG_WARN_COMMA = YES;
				CLANG_WARN_CONSTANT_CONVERSION = YES;
				CLANG_WARN_DEPRECATED_OBJC_IMPLEMENTATIONS = YES;
				CLANG_WARN_DIRECT_OBJC_ISA_USAGE = YES_ERROR;
				CLANG_WARN_DOCUMENTATION_COMMENTS = YES;
				CLANG_WARN_EMPTY_BODY = YES;
				CLANG_WARN_ENUM_CONVERSION = YES;
				CLANG_WARN_INFINITE_RECURSION = YES;
				CLANG_WARN_INT_CONVERSION = YES;
				CLANG_WARN_NON_LITERAL_NULL_CONVERSION = YES;
				CLANG_WARN_OBJC_IMPLICIT_RETAIN_SELF = YES;
				CLANG_WARN_OBJC_LITERAL_CONVERSION = YES;
				CLANG_WARN_OBJC_ROOT_CLASS = YES_ERROR;
				CLANG_WARN_QUOTED_INCLUDE_IN_FRAMEWORK_HEADER = YES;
				CLANG_WARN_RANGE_LOOP_ANALYSIS = YES;
				CLANG_WARN_STRICT_PROTOTYPES = YES;
				CLANG_WARN_SUSPICIOUS_MOVE = YES;
				CLANG_WARN_UNGUARDED_AVAILABILITY = YES_AGGRESSIVE;
				CLANG_WARN_UNREACHABLE_CODE = YES;
				CLANG_WARN__DUPLICATE_METHOD_MATCH = YES;
				COPY_PHASE_STRIP = NO;
				DEBUG_INFORMATION_FORMAT = dwarf;
				ENABLE_STRICT_OBJC_MSGSEND = YES;
				ENABLE_TESTABILITY = YES;
				GCC_C_LANGUAGE_STANDARD = gnu11;
				GCC_DYNAMIC_NO_PIC = NO;
				GCC_NO_COMMON_BLOCKS = YES;
				GCC_OPTIMIZATION_LEVEL = 0;
				GCC_PREPROCESSOR_DEFINITIONS = (
					"DEBUG=1",
					"$(inherited)",
				);
				GCC_WARN_64_TO_32_BIT_CONVERSION = YES;
				GCC_WARN_ABOUT_RETURN_TYPE = YES_ERROR;
				GCC_WARN_UNDECLARED_SELECTOR = YES;
				GCC_WARN_UNINITIALIZED_AUTOS = YES_AGGRESSIVE;
				GCC_WARN_UNUSED_FUNCTION = YES;
				GCC_WARN_UNUSED_VARIABLE = YES;
				IPHONEOS_DEPLOYMENT_TARGET = 14.1;
				MTL_ENABLE_DEBUG_INFO = INCLUDE_SOURCE;
				MTL_FAST_MATH = YES;
				ONLY_ACTIVE_ARCH = YES;
				SDKROOT = iphoneos;
				SWIFT_ACTIVE_COMPILATION_CONDITIONS = DEBUG;
				SWIFT_OPTIMIZATION_LEVEL = "-Onone";
			};
			name = Debug;
		};
		DE83334D2543AE4500F94E18 /* Release */ = {
			isa = XCBuildConfiguration;
			buildSettings = {
				ALWAYS_SEARCH_USER_PATHS = NO;
				CLANG_ANALYZER_NONNULL = YES;
				CLANG_ANALYZER_NUMBER_OBJECT_CONVERSION = YES_AGGRESSIVE;
				CLANG_CXX_LANGUAGE_STANDARD = "gnu++14";
				CLANG_CXX_LIBRARY = "libc++";
				CLANG_ENABLE_MODULES = YES;
				CLANG_ENABLE_OBJC_ARC = YES;
				CLANG_ENABLE_OBJC_WEAK = YES;
				CLANG_WARN_BLOCK_CAPTURE_AUTORELEASING = YES;
				CLANG_WARN_BOOL_CONVERSION = YES;
				CLANG_WARN_COMMA = YES;
				CLANG_WARN_CONSTANT_CONVERSION = YES;
				CLANG_WARN_DEPRECATED_OBJC_IMPLEMENTATIONS = YES;
				CLANG_WARN_DIRECT_OBJC_ISA_USAGE = YES_ERROR;
				CLANG_WARN_DOCUMENTATION_COMMENTS = YES;
				CLANG_WARN_EMPTY_BODY = YES;
				CLANG_WARN_ENUM_CONVERSION = YES;
				CLANG_WARN_INFINITE_RECURSION = YES;
				CLANG_WARN_INT_CONVERSION = YES;
				CLANG_WARN_NON_LITERAL_NULL_CONVERSION = YES;
				CLANG_WARN_OBJC_IMPLICIT_RETAIN_SELF = YES;
				CLANG_WARN_OBJC_LITERAL_CONVERSION = YES;
				CLANG_WARN_OBJC_ROOT_CLASS = YES_ERROR;
				CLANG_WARN_QUOTED_INCLUDE_IN_FRAMEWORK_HEADER = YES;
				CLANG_WARN_RANGE_LOOP_ANALYSIS = YES;
				CLANG_WARN_STRICT_PROTOTYPES = YES;
				CLANG_WARN_SUSPICIOUS_MOVE = YES;
				CLANG_WARN_UNGUARDED_AVAILABILITY = YES_AGGRESSIVE;
				CLANG_WARN_UNREACHABLE_CODE = YES;
				CLANG_WARN__DUPLICATE_METHOD_MATCH = YES;
				COPY_PHASE_STRIP = NO;
				DEBUG_INFORMATION_FORMAT = "dwarf-with-dsym";
				ENABLE_NS_ASSERTIONS = NO;
				ENABLE_STRICT_OBJC_MSGSEND = YES;
				GCC_C_LANGUAGE_STANDARD = gnu11;
				GCC_NO_COMMON_BLOCKS = YES;
				GCC_WARN_64_TO_32_BIT_CONVERSION = YES;
				GCC_WARN_ABOUT_RETURN_TYPE = YES_ERROR;
				GCC_WARN_UNDECLARED_SELECTOR = YES;
				GCC_WARN_UNINITIALIZED_AUTOS = YES_AGGRESSIVE;
				GCC_WARN_UNUSED_FUNCTION = YES;
				GCC_WARN_UNUSED_VARIABLE = YES;
				IPHONEOS_DEPLOYMENT_TARGET = 14.1;
				MTL_ENABLE_DEBUG_INFO = NO;
				MTL_FAST_MATH = YES;
				SDKROOT = iphoneos;
				SWIFT_COMPILATION_MODE = wholemodule;
				SWIFT_OPTIMIZATION_LEVEL = "-O";
				VALIDATE_PRODUCT = YES;
			};
			name = Release;
		};
		DE83334F2543AE4500F94E18 /* Debug */ = {
			isa = XCBuildConfiguration;
			baseConfigurationReference = 2794553BAB4A1396AFB0E64E /* Pods-Ins.debug.xcconfig */;
			buildSettings = {
				ASSETCATALOG_COMPILER_APPICON_NAME = AppIcon;
				ASSETCATALOG_COMPILER_GLOBAL_ACCENT_COLOR_NAME = AccentColor;
				CODE_SIGN_STYLE = Automatic;
				DEVELOPMENT_TEAM = SLZ72N3A2X;
				INFOPLIST_FILE = Ins/Info.plist;
				LD_RUNPATH_SEARCH_PATHS = (
					"$(inherited)",
					"@executable_path/Frameworks",
				);
				PRODUCT_BUNDLE_IDENTIFIER = "steve.tsao7-icloud.com.Ins";
				PRODUCT_NAME = "$(TARGET_NAME)";
				SWIFT_VERSION = 5.0;
				TARGETED_DEVICE_FAMILY = "1,2";
			};
			name = Debug;
		};
		DE8333502543AE4500F94E18 /* Release */ = {
			isa = XCBuildConfiguration;
			baseConfigurationReference = 493B01485550CF0CFEEE2674 /* Pods-Ins.release.xcconfig */;
			buildSettings = {
				ASSETCATALOG_COMPILER_APPICON_NAME = AppIcon;
				ASSETCATALOG_COMPILER_GLOBAL_ACCENT_COLOR_NAME = AccentColor;
				CODE_SIGN_STYLE = Automatic;
				DEVELOPMENT_TEAM = SLZ72N3A2X;
				INFOPLIST_FILE = Ins/Info.plist;
				LD_RUNPATH_SEARCH_PATHS = (
					"$(inherited)",
					"@executable_path/Frameworks",
				);
				PRODUCT_BUNDLE_IDENTIFIER = "steve.tsao7-icloud.com.Ins";
				PRODUCT_NAME = "$(TARGET_NAME)";
				SWIFT_VERSION = 5.0;
				TARGETED_DEVICE_FAMILY = "1,2";
			};
			name = Release;
		};
/* End XCBuildConfiguration section */

/* Begin XCConfigurationList section */
		DE8333352543AE4400F94E18 /* Build configuration list for PBXProject "Ins" */ = {
			isa = XCConfigurationList;
			buildConfigurations = (
				DE83334C2543AE4500F94E18 /* Debug */,
				DE83334D2543AE4500F94E18 /* Release */,
			);
			defaultConfigurationIsVisible = 0;
			defaultConfigurationName = Release;
		};
		DE83334E2543AE4500F94E18 /* Build configuration list for PBXNativeTarget "Ins" */ = {
			isa = XCConfigurationList;
			buildConfigurations = (
				DE83334F2543AE4500F94E18 /* Debug */,
				DE8333502543AE4500F94E18 /* Release */,
			);
			defaultConfigurationIsVisible = 0;
			defaultConfigurationName = Release;
		};
/* End XCConfigurationList section */
	};
	rootObject = DE8333322543AE4400F94E18 /* Project object */;
}
